
Microsoft Visual Studio Solution File, Format Version 12.00
# Visual Studio Version 17
VisualStudioVersion = 17.11.35312.102
MinimumVisualStudioVersion = 10.0.40219.1
Project("{2150E333-8FDC-42A3-9474-1A3956D46DE8}") = "Task0", "Task0", "{B79B0ED5-1647-42F9-9715-5ACB62A00B91}"
EndProject
Project("{9A19103F-16F7-4668-BE54-9A1E7A4F7556}") = "Tyuiu.KhrapovDY.Sprint6.Task0.V23.Lib", "Tyuiu.KhrapovDY.Sprint6.Task0.V23.Lib\Tyuiu.KhrapovDY.Sprint6.Task0.V23.Lib.csproj", "{D824BF73-8AA1-4E34-BADA-FAEF0C10251F}"
EndProject
Project("{9A19103F-16F7-4668-BE54-9A1E7A4F7556}") = "Tyuiu.KhrapovDY.Sprint6.Task0.V23.Test", "Tyuiu.KhrapovDY.Sprint6.Task0.V23.Test\Tyuiu.KhrapovDY.Sprint6.Task0.V23.Test.csproj", "{556EDAF0-B5DA-43F0-AD86-B004594DCA60}"
EndProject
Project("{9A19103F-16F7-4668-BE54-9A1E7A4F7556}") = "Tyuiu.KhrapovDY.Sprint6.Task0.V23", "Tyuiu.KhrapovDY.Sprint6.Task0.V23\Tyuiu.KhrapovDY.Sprint6.Task0.V23.csproj", "{7D2D0455-21D3-4585-8605-395CDE9E8CB7}"
EndProject
Project("{2150E333-8FDC-42A3-9474-1A3956D46DE8}") = "Task1", "Task1", "{CF7D9FE4-1841-4EBC-B43E-17A2381DD355}"
EndProject
Project("{9A19103F-16F7-4668-BE54-9A1E7A4F7556}") = "Tyuiu.KhrapovDY.Sprint6.Task1.V13.Lib", "Tyuiu.KhrapovDY.Sprint6.Task1.V13.Lib\Tyuiu.KhrapovDY.Sprint6.Task1.V13.Lib.csproj", "{B7A38CD6-3695-4F00-BF7F-846B1F86C859}"
EndProject
Project("{9A19103F-16F7-4668-BE54-9A1E7A4F7556}") = "Tyuiu.KhrapovDY.Sprint6.Task1.V13.Test", "Tyuiu.KhrapovDY.Sprint6.Task1.V13.Test\Tyuiu.KhrapovDY.Sprint6.Task1.V13.Test.csproj", "{9E8B6661-D5FC-4803-9841-1C03E97AB2B1}"
EndProject
Project("{9A19103F-16F7-4668-BE54-9A1E7A4F7556}") = "Tyuiu.KhrapovDY.Sprint6.Task1.V13", "Tyuiu.KhrapovDY.Sprint6.Task1.V13\Tyuiu.KhrapovDY.Sprint6.Task1.V13.csproj", "{6E666F9D-EF7C-477F-A784-1D3AD7BC93EA}"
EndProject
Project("{2150E333-8FDC-42A3-9474-1A3956D46DE8}") = "Task2", "Task2", "{DE5CAB53-89B5-43E6-B13F-54F87A3A53B4}"
EndProject
Project("{9A19103F-16F7-4668-BE54-9A1E7A4F7556}") = "Tyuiu.KhrapovDY.Sprint6.Task2.V21.Lib", "Tyuiu.KhrapovDY.Sprint6.Task2.V21.Lib\Tyuiu.KhrapovDY.Sprint6.Task2.V21.Lib.csproj", "{E7FA9DA4-A42E-4D45-B7EB-51F8FB97DC37}"
EndProject
Project("{9A19103F-16F7-4668-BE54-9A1E7A4F7556}") = "Tyuiu.KhrapovDY.Sprint6.Task2.V21.Test", "Tyuiu.KhrapovDY.Sprint6.Task2.V21.Test\Tyuiu.KhrapovDY.Sprint6.Task2.V21.Test.csproj", "{DACF56DB-C5D1-4AEE-B97D-65D53E564E82}"
EndProject
Project("{9A19103F-16F7-4668-BE54-9A1E7A4F7556}") = "Tyuiu.KhrapovDY.Sprint6.Task2.V21", "Tyuiu.KhrapovDY.Sprint6.Task2.V21\Tyuiu.KhrapovDY.Sprint6.Task2.V21.csproj", "{17698089-07B1-4E91-B254-FB1D2608EB07}"
EndProject
Project("{2150E333-8FDC-42A3-9474-1A3956D46DE8}") = "Task3", "Task3", "{E1E66CC9-0E3D-40C4-9567-3E2299C3F8ED}"
EndProject
Project("{9A19103F-16F7-4668-BE54-9A1E7A4F7556}") = "Tyuiu.KhrapovDY.Sprint6.Task3.V27.Lib", "Tyuiu.KhrapovDY.Sprint6.Task3.V27.Lib\Tyuiu.KhrapovDY.Sprint6.Task3.V27.Lib.csproj", "{8E95F4DB-B899-4343-9C94-B51E778C88B1}"
EndProject
Project("{9A19103F-16F7-4668-BE54-9A1E7A4F7556}") = "Tyuiu.KhrapovDY.Sprint6.Task3.V27.Test", "Tyuiu.KhrapovDY.Sprint6.Task3.V27.Test\Tyuiu.KhrapovDY.Sprint6.Task3.V27.Test.csproj", "{19B7F341-C7F1-435B-86E2-BEF96F969FFA}"
EndProject
Project("{9A19103F-16F7-4668-BE54-9A1E7A4F7556}") = "Tyuiu.KhrapovDY.Sprint6.Task3.V27", "Tyuiu.KhrapovDY.Sprint6.Task3.V27\Tyuiu.KhrapovDY.Sprint6.Task3.V27.csproj", "{14B74246-0EC6-45D8-A2D6-922ACF6A7C88}"
EndProject
Project("{2150E333-8FDC-42A3-9474-1A3956D46DE8}") = "Task4", "Task4", "{19A7519A-07D5-4824-887E-05932EC41685}"
EndProject
Project("{FAE04EC0-301F-11D3-BF4B-00C04F79EFBC}") = "Tyuiu.KhrapovDY.Sprint6.Task4.V11", "Tyuiu.KhrapovDY.Sprint6.Task4.V11\Tyuiu.KhrapovDY.Sprint6.Task4.V11.csproj", "{00CB2306-C2A6-4887-8458-8F72E3A92017}"
EndProject
Project("{FAE04EC0-301F-11D3-BF4B-00C04F79EFBC}") = "Tyuiu.KhrapovDY.Sprint6.Task4.V11.Lib", "Tyuiu.KhrapovDY.Sprint6.Task4.V11.Lib\Tyuiu.KhrapovDY.Sprint6.Task4.V11.Lib.csproj", "{7983BACD-C421-47FB-8420-BCF62CE6722A}"
EndProject
Project("{FAE04EC0-301F-11D3-BF4B-00C04F79EFBC}") = "Tyuiu.KhrapovDY.Sprint6.Task4.V11.Test", "Tyuiu.KhrapovDY.Sprint6.Task4.V11.Test\Tyuiu.KhrapovDY.Sprint6.Task4.V11.Test.csproj", "{5D73E32B-6F2C-4A5D-97DA-F4FCFA7B47B8}"
EndProject
Project("{2150E333-8FDC-42A3-9474-1A3956D46DE8}") = "Task5", "Task5", "{5EC6A8F4-029C-4429-A2FF-B8812E03D56A}"
EndProject
Project("{FAE04EC0-301F-11D3-BF4B-00C04F79EFBC}") = "Tyuiu.KhrapovDY.Sprint6.Task5.V2", "Tyuiu.KhrapovDY.Sprint6.Task5.V2\Tyuiu.KhrapovDY.Sprint6.Task5.V2.csproj", "{11A2D067-F1DA-4557-8D8F-F27F775679D9}"
EndProject
Project("{FAE04EC0-301F-11D3-BF4B-00C04F79EFBC}") = "Tyuiu.KhrapovDY.Sprint6.Task5.V2.Lib", "Tyuiu.KhrapovDY.Sprint6.Task5.V2.Lib\Tyuiu.KhrapovDY.Sprint6.Task5.V2.Lib.csproj", "{DFF85E32-3C02-4B98-816C-30F312F02A67}"
EndProject
Project("{FAE04EC0-301F-11D3-BF4B-00C04F79EFBC}") = "Tyuiu.KhrapovDY.Sprint6.Task5.V2.Test", "Tyuiu.KhrapovDY.Sprint6.Task5.V2.Test\Tyuiu.KhrapovDY.Sprint6.Task5.V2.Test.csproj", "{D1199EC8-4F0E-4D61-98DB-1584A5EB7EF1}"
EndProject
Project("{2150E333-8FDC-42A3-9474-1A3956D46DE8}") = "Task6", "Task6", "{99016F81-8010-43D4-BAF2-D9610B4FAAB4}"
EndProject
Project("{FAE04EC0-301F-11D3-BF4B-00C04F79EFBC}") = "Tyuiu.KhrapovDY.Sprint6.Task6.V30", "Tyuiu.KhrapovDY.Sprint6.Task6.V30\Tyuiu.KhrapovDY.Sprint6.Task6.V30.csproj", "{B2A87E24-6018-4BBC-836B-97F6B9CE1E5F}"
EndProject
Project("{FAE04EC0-301F-11D3-BF4B-00C04F79EFBC}") = "Tyuiu.KhrapovDY.Sprint6.Task6.V30.Lib", "Tyuiu.KhrapovDY.Sprint6.Task6.V30.Lib\Tyuiu.KhrapovDY.Sprint6.Task6.V30.Lib.csproj", "{C2E691B6-F5C2-402A-A6D9-31AF519534C0}"
EndProject
Project("{FAE04EC0-301F-11D3-BF4B-00C04F79EFBC}") = "Tyuiu.KhrapovDY.Sprint6.Task6.V30.Test", "Tyuiu.KhrapovDY.Sprint6.Task6.V30.Test\Tyuiu.KhrapovDY.Sprint6.Task6.V30.Test.csproj", "{F6FBC12F-4047-456B-A18B-DEE606B7D096}"
EndProject
Global
	GlobalSection(SolutionConfigurationPlatforms) = preSolution
		Debug|Any CPU = Debug|Any CPU
		Release|Any CPU = Release|Any CPU
	EndGlobalSection
	GlobalSection(ProjectConfigurationPlatforms) = postSolution
		{D824BF73-8AA1-4E34-BADA-FAEF0C10251F}.Debug|Any CPU.ActiveCfg = Debug|Any CPU
		{D824BF73-8AA1-4E34-BADA-FAEF0C10251F}.Debug|Any CPU.Build.0 = Debug|Any CPU
		{D824BF73-8AA1-4E34-BADA-FAEF0C10251F}.Release|Any CPU.ActiveCfg = Release|Any CPU
		{D824BF73-8AA1-4E34-BADA-FAEF0C10251F}.Release|Any CPU.Build.0 = Release|Any CPU
		{556EDAF0-B5DA-43F0-AD86-B004594DCA60}.Debug|Any CPU.ActiveCfg = Debug|Any CPU
		{556EDAF0-B5DA-43F0-AD86-B004594DCA60}.Debug|Any CPU.Build.0 = Debug|Any CPU
		{556EDAF0-B5DA-43F0-AD86-B004594DCA60}.Release|Any CPU.ActiveCfg = Release|Any CPU
		{556EDAF0-B5DA-43F0-AD86-B004594DCA60}.Release|Any CPU.Build.0 = Release|Any CPU
		{7D2D0455-21D3-4585-8605-395CDE9E8CB7}.Debug|Any CPU.ActiveCfg = Debug|Any CPU
		{7D2D0455-21D3-4585-8605-395CDE9E8CB7}.Debug|Any CPU.Build.0 = Debug|Any CPU
		{7D2D0455-21D3-4585-8605-395CDE9E8CB7}.Release|Any CPU.ActiveCfg = Release|Any CPU
		{7D2D0455-21D3-4585-8605-395CDE9E8CB7}.Release|Any CPU.Build.0 = Release|Any CPU
		{B7A38CD6-3695-4F00-BF7F-846B1F86C859}.Debug|Any CPU.ActiveCfg = Debug|Any CPU
		{B7A38CD6-3695-4F00-BF7F-846B1F86C859}.Debug|Any CPU.Build.0 = Debug|Any CPU
		{B7A38CD6-3695-4F00-BF7F-846B1F86C859}.Release|Any CPU.ActiveCfg = Release|Any CPU
		{B7A38CD6-3695-4F00-BF7F-846B1F86C859}.Release|Any CPU.Build.0 = Release|Any CPU
		{9E8B6661-D5FC-4803-9841-1C03E97AB2B1}.Debug|Any CPU.ActiveCfg = Debug|Any CPU
		{9E8B6661-D5FC-4803-9841-1C03E97AB2B1}.Debug|Any CPU.Build.0 = Debug|Any CPU
		{9E8B6661-D5FC-4803-9841-1C03E97AB2B1}.Release|Any CPU.ActiveCfg = Release|Any CPU
		{9E8B6661-D5FC-4803-9841-1C03E97AB2B1}.Release|Any CPU.Build.0 = Release|Any CPU
		{6E666F9D-EF7C-477F-A784-1D3AD7BC93EA}.Debug|Any CPU.ActiveCfg = Debug|Any CPU
		{6E666F9D-EF7C-477F-A784-1D3AD7BC93EA}.Debug|Any CPU.Build.0 = Debug|Any CPU
		{6E666F9D-EF7C-477F-A784-1D3AD7BC93EA}.Release|Any CPU.ActiveCfg = Release|Any CPU
		{6E666F9D-EF7C-477F-A784-1D3AD7BC93EA}.Release|Any CPU.Build.0 = Release|Any CPU
		{E7FA9DA4-A42E-4D45-B7EB-51F8FB97DC37}.Debug|Any CPU.ActiveCfg = Debug|Any CPU
		{E7FA9DA4-A42E-4D45-B7EB-51F8FB97DC37}.Debug|Any CPU.Build.0 = Debug|Any CPU
		{E7FA9DA4-A42E-4D45-B7EB-51F8FB97DC37}.Release|Any CPU.ActiveCfg = Release|Any CPU
		{E7FA9DA4-A42E-4D45-B7EB-51F8FB97DC37}.Release|Any CPU.Build.0 = Release|Any CPU
		{DACF56DB-C5D1-4AEE-B97D-65D53E564E82}.Debug|Any CPU.ActiveCfg = Debug|Any CPU
		{DACF56DB-C5D1-4AEE-B97D-65D53E564E82}.Debug|Any CPU.Build.0 = Debug|Any CPU
		{DACF56DB-C5D1-4AEE-B97D-65D53E564E82}.Release|Any CPU.ActiveCfg = Release|Any CPU
		{DACF56DB-C5D1-4AEE-B97D-65D53E564E82}.Release|Any CPU.Build.0 = Release|Any CPU
		{17698089-07B1-4E91-B254-FB1D2608EB07}.Debug|Any CPU.ActiveCfg = Debug|Any CPU
		{17698089-07B1-4E91-B254-FB1D2608EB07}.Debug|Any CPU.Build.0 = Debug|Any CPU
		{17698089-07B1-4E91-B254-FB1D2608EB07}.Release|Any CPU.ActiveCfg = Release|Any CPU
		{17698089-07B1-4E91-B254-FB1D2608EB07}.Release|Any CPU.Build.0 = Release|Any CPU
		{8E95F4DB-B899-4343-9C94-B51E778C88B1}.Debug|Any CPU.ActiveCfg = Debug|Any CPU
		{8E95F4DB-B899-4343-9C94-B51E778C88B1}.Debug|Any CPU.Build.0 = Debug|Any CPU
		{8E95F4DB-B899-4343-9C94-B51E778C88B1}.Release|Any CPU.ActiveCfg = Release|Any CPU
		{8E95F4DB-B899-4343-9C94-B51E778C88B1}.Release|Any CPU.Build.0 = Release|Any CPU
		{19B7F341-C7F1-435B-86E2-BEF96F969FFA}.Debug|Any CPU.ActiveCfg = Debug|Any CPU
		{19B7F341-C7F1-435B-86E2-BEF96F969FFA}.Debug|Any CPU.Build.0 = Debug|Any CPU
		{19B7F341-C7F1-435B-86E2-BEF96F969FFA}.Release|Any CPU.ActiveCfg = Release|Any CPU
		{19B7F341-C7F1-435B-86E2-BEF96F969FFA}.Release|Any CPU.Build.0 = Release|Any CPU
		{14B74246-0EC6-45D8-A2D6-922ACF6A7C88}.Debug|Any CPU.ActiveCfg = Debug|Any CPU
		{14B74246-0EC6-45D8-A2D6-922ACF6A7C88}.Debug|Any CPU.Build.0 = Debug|Any CPU
		{14B74246-0EC6-45D8-A2D6-922ACF6A7C88}.Release|Any CPU.ActiveCfg = Release|Any CPU
		{14B74246-0EC6-45D8-A2D6-922ACF6A7C88}.Release|Any CPU.Build.0 = Release|Any CPU
		{00CB2306-C2A6-4887-8458-8F72E3A92017}.Debug|Any CPU.ActiveCfg = Debug|Any CPU
		{00CB2306-C2A6-4887-8458-8F72E3A92017}.Debug|Any CPU.Build.0 = Debug|Any CPU
		{00CB2306-C2A6-4887-8458-8F72E3A92017}.Release|Any CPU.ActiveCfg = Release|Any CPU
		{00CB2306-C2A6-4887-8458-8F72E3A92017}.Release|Any CPU.Build.0 = Release|Any CPU
		{7983BACD-C421-47FB-8420-BCF62CE6722A}.Debug|Any CPU.ActiveCfg = Debug|Any CPU
		{7983BACD-C421-47FB-8420-BCF62CE6722A}.Debug|Any CPU.Build.0 = Debug|Any CPU
		{7983BACD-C421-47FB-8420-BCF62CE6722A}.Release|Any CPU.ActiveCfg = Release|Any CPU
		{7983BACD-C421-47FB-8420-BCF62CE6722A}.Release|Any CPU.Build.0 = Release|Any CPU
		{5D73E32B-6F2C-4A5D-97DA-F4FCFA7B47B8}.Debug|Any CPU.ActiveCfg = Debug|Any CPU
		{5D73E32B-6F2C-4A5D-97DA-F4FCFA7B47B8}.Debug|Any CPU.Build.0 = Debug|Any CPU
		{5D73E32B-6F2C-4A5D-97DA-F4FCFA7B47B8}.Release|Any CPU.ActiveCfg = Release|Any CPU
		{5D73E32B-6F2C-4A5D-97DA-F4FCFA7B47B8}.Release|Any CPU.Build.0 = Release|Any CPU
		{11A2D067-F1DA-4557-8D8F-F27F775679D9}.Debug|Any CPU.ActiveCfg = Debug|Any CPU
		{11A2D067-F1DA-4557-8D8F-F27F775679D9}.Debug|Any CPU.Build.0 = Debug|Any CPU
		{11A2D067-F1DA-4557-8D8F-F27F775679D9}.Release|Any CPU.ActiveCfg = Release|Any CPU
		{11A2D067-F1DA-4557-8D8F-F27F775679D9}.Release|Any CPU.Build.0 = Release|Any CPU
		{DFF85E32-3C02-4B98-816C-30F312F02A67}.Debug|Any CPU.ActiveCfg = Debug|Any CPU
		{DFF85E32-3C02-4B98-816C-30F312F02A67}.Debug|Any CPU.Build.0 = Debug|Any CPU
		{DFF85E32-3C02-4B98-816C-30F312F02A67}.Release|Any CPU.ActiveCfg = Release|Any CPU
		{DFF85E32-3C02-4B98-816C-30F312F02A67}.Release|Any CPU.Build.0 = Release|Any CPU
		{D1199EC8-4F0E-4D61-98DB-1584A5EB7EF1}.Debug|Any CPU.ActiveCfg = Debug|Any CPU
		{D1199EC8-4F0E-4D61-98DB-1584A5EB7EF1}.Debug|Any CPU.Build.0 = Debug|Any CPU
		{D1199EC8-4F0E-4D61-98DB-1584A5EB7EF1}.Release|Any CPU.ActiveCfg = Release|Any CPU
		{D1199EC8-4F0E-4D61-98DB-1584A5EB7EF1}.Release|Any CPU.Build.0 = Release|Any CPU
		{B2A87E24-6018-4BBC-836B-97F6B9CE1E5F}.Debug|Any CPU.ActiveCfg = Debug|Any CPU
		{B2A87E24-6018-4BBC-836B-97F6B9CE1E5F}.Debug|Any CPU.Build.0 = Debug|Any CPU
		{B2A87E24-6018-4BBC-836B-97F6B9CE1E5F}.Release|Any CPU.ActiveCfg = Release|Any CPU
		{B2A87E24-6018-4BBC-836B-97F6B9CE1E5F}.Release|Any CPU.Build.0 = Release|Any CPU
		{C2E691B6-F5C2-402A-A6D9-31AF519534C0}.Debug|Any CPU.ActiveCfg = Debug|Any CPU
		{C2E691B6-F5C2-402A-A6D9-31AF519534C0}.Debug|Any CPU.Build.0 = Debug|Any CPU
		{C2E691B6-F5C2-402A-A6D9-31AF519534C0}.Release|Any CPU.ActiveCfg = Release|Any CPU
		{C2E691B6-F5C2-402A-A6D9-31AF519534C0}.Release|Any CPU.Build.0 = Release|Any CPU
		{F6FBC12F-4047-456B-A18B-DEE606B7D096}.Debug|Any CPU.ActiveCfg = Debug|Any CPU
		{F6FBC12F-4047-456B-A18B-DEE606B7D096}.Debug|Any CPU.Build.0 = Debug|Any CPU
		{F6FBC12F-4047-456B-A18B-DEE606B7D096}.Release|Any CPU.ActiveCfg = Release|Any CPU
		{F6FBC12F-4047-456B-A18B-DEE606B7D096}.Release|Any CPU.Build.0 = Release|Any CPU
	EndGlobalSection
	GlobalSection(SolutionProperties) = preSolution
		HideSolutionNode = FALSE
	EndGlobalSection
	GlobalSection(NestedProjects) = preSolution
		{D824BF73-8AA1-4E34-BADA-FAEF0C10251F} = {B79B0ED5-1647-42F9-9715-5ACB62A00B91}
		{556EDAF0-B5DA-43F0-AD86-B004594DCA60} = {B79B0ED5-1647-42F9-9715-5ACB62A00B91}
		{7D2D0455-21D3-4585-8605-395CDE9E8CB7} = {B79B0ED5-1647-42F9-9715-5ACB62A00B91}
		{B7A38CD6-3695-4F00-BF7F-846B1F86C859} = {CF7D9FE4-1841-4EBC-B43E-17A2381DD355}
		{9E8B6661-D5FC-4803-9841-1C03E97AB2B1} = {CF7D9FE4-1841-4EBC-B43E-17A2381DD355}
		{6E666F9D-EF7C-477F-A784-1D3AD7BC93EA} = {CF7D9FE4-1841-4EBC-B43E-17A2381DD355}
		{E7FA9DA4-A42E-4D45-B7EB-51F8FB97DC37} = {DE5CAB53-89B5-43E6-B13F-54F87A3A53B4}
		{DACF56DB-C5D1-4AEE-B97D-65D53E564E82} = {DE5CAB53-89B5-43E6-B13F-54F87A3A53B4}
		{17698089-07B1-4E91-B254-FB1D2608EB07} = {DE5CAB53-89B5-43E6-B13F-54F87A3A53B4}
		{8E95F4DB-B899-4343-9C94-B51E778C88B1} = {E1E66CC9-0E3D-40C4-9567-3E2299C3F8ED}
		{19B7F341-C7F1-435B-86E2-BEF96F969FFA} = {E1E66CC9-0E3D-40C4-9567-3E2299C3F8ED}
		{14B74246-0EC6-45D8-A2D6-922ACF6A7C88} = {E1E66CC9-0E3D-40C4-9567-3E2299C3F8ED}
		{00CB2306-C2A6-4887-8458-8F72E3A92017} = {19A7519A-07D5-4824-887E-05932EC41685}
		{7983BACD-C421-47FB-8420-BCF62CE6722A} = {19A7519A-07D5-4824-887E-05932EC41685}
		{5D73E32B-6F2C-4A5D-97DA-F4FCFA7B47B8} = {19A7519A-07D5-4824-887E-05932EC41685}
		{11A2D067-F1DA-4557-8D8F-F27F775679D9} = {5EC6A8F4-029C-4429-A2FF-B8812E03D56A}
		{DFF85E32-3C02-4B98-816C-30F312F02A67} = {5EC6A8F4-029C-4429-A2FF-B8812E03D56A}
		{D1199EC8-4F0E-4D61-98DB-1584A5EB7EF1} = {5EC6A8F4-029C-4429-A2FF-B8812E03D56A}
		{B2A87E24-6018-4BBC-836B-97F6B9CE1E5F} = {99016F81-8010-43D4-BAF2-D9610B4FAAB4}
		{C2E691B6-F5C2-402A-A6D9-31AF519534C0} = {99016F81-8010-43D4-BAF2-D9610B4FAAB4}
		{F6FBC12F-4047-456B-A18B-DEE606B7D096} = {99016F81-8010-43D4-BAF2-D9610B4FAAB4}
	EndGlobalSection
	GlobalSection(ExtensibilityGlobals) = postSolution
		SolutionGuid = {18FFA0C2-751D-4321-A093-7D27BE6F07DD}
	EndGlobalSection
EndGlobal
